
Microsoft Visual Studio Solution File, Format Version 12.00
# Visual Studio Version 17
VisualStudioVersion = 17.9.34701.34
MinimumVisualStudioVersion = 10.0.40219.1
Project("{FAE04EC0-301F-11D3-BF4B-00C04F79EFBC}") = "AutomationPracticeSiteProject", "AutomationPracticeSiteProject\AutomationPracticeSiteProject.csproj", "{A73F4EA0-4EFE-4EDF-A039-FB4E95B505DB}"
EndProject
Global
	GlobalSection(SolutionConfigurationPlatforms) = preSolution
		Debug|Any CPU = Debug|Any CPU
		Release|Any CPU = Release|Any CPU
	EndGlobalSection
	GlobalSection(ProjectConfigurationPlatforms) = postSolution
		{A73F4EA0-4EFE-4EDF-A039-FB4E95B505DB}.Debug|Any CPU.ActiveCfg = Debug|Any CPU
		{A73F4EA0-4EFE-4EDF-A039-FB4E95B505DB}.Debug|Any CPU.Build.0 = Debug|Any CPU
		{A73F4EA0-4EFE-4EDF-A039-FB4E95B505DB}.Release|Any CPU.ActiveCfg = Release|Any CPU
		{A73F4EA0-4EFE-4EDF-A039-FB4E95B505DB}.Release|Any CPU.Build.0 = Release|Any CPU
	EndGlobalSection
	GlobalSection(SolutionProperties) = preSolution
		HideSolutionNode = FALSE
	EndGlobalSection
	GlobalSection(ExtensibilityGlobals) = postSolution
		SolutionGuid = {82BF5E8A-A22C-47FE-94AF-AE8D1AFDD374}
	EndGlobalSection
EndGlobal
